{
  "name": "aicli-workspace",
  "version": "0.1.0",
  "lockfileVersion": 3,
  "requires": true,
  "packages": {
    "": {
      "name": "aicli-workspace",
      "version": "0.1.0",
      "license": "GPL-3.0-only",
      "workspaces": [
        "packages/*"
      ]
    },
    "node_modules/@0xfe10/aicli": {
      "resolved": "packages/aicli",
      "link": true
    },
    "packages/aicli": {
      "name": "@0xfe10/aicli",
      "version": "0.1.0",
      "license": "GPL-3.0-only",
      "bin": {
        "aicli": "src/index.js"
      },
      "engines": {
        "node": ">=20"
      }
    }
  }
}
